
Microsoft Visual Studio Solution File, Format Version 12.00
# Visual Studio Version 17
VisualStudioVersion = 17.8.34330.188
MinimumVisualStudioVersion = 10.0.40219.1
Project("{9A19103F-16F7-4668-BE54-9A1E7A4F7556}") = "MoneyManager", "MoneyManager\MoneyManager\MoneyManager.csproj", "{EE8AA96C-0870-4C0E-B755-F4A08ECEA423}"
EndProject
Project("{9A19103F-16F7-4668-BE54-9A1E7A4F7556}") = "MoneyManager.Client", "MoneyManager\MoneyManager.Client\MoneyManager.Client.csproj", "{8EA8133E-0C80-4B89-8041-FF11BAF2AAD4}"
EndProject
Project("{FAE04EC0-301F-11D3-BF4B-00C04F79EFBC}") = "Domain", "Domain\Domain.csproj", "{A2F65B24-106F-484B-8B4A-125B2A9B4831}"
EndProject
Project("{FAE04EC0-301F-11D3-BF4B-00C04F79EFBC}") = "Application", "Application\Application.csproj", "{3650B208-0A06-4C83-852C-60D8F7A25529}"
EndProject
Project("{FAE04EC0-301F-11D3-BF4B-00C04F79EFBC}") = "Shared", "Shared\Shared.csproj", "{FE63AF1C-7E29-40FB-A2F5-E60794D0AC9B}"
EndProject
Project("{FAE04EC0-301F-11D3-BF4B-00C04F79EFBC}") = "Infrastructure", "Infrastructure\Infrastructure.csproj", "{B37E5D13-F48C-4063-8984-C9FA7281CDAD}"
EndProject
Global
	GlobalSection(SolutionConfigurationPlatforms) = preSolution
		Debug|Any CPU = Debug|Any CPU
		Release|Any CPU = Release|Any CPU
	EndGlobalSection
	GlobalSection(ProjectConfigurationPlatforms) = postSolution
		{EE8AA96C-0870-4C0E-B755-F4A08ECEA423}.Debug|Any CPU.ActiveCfg = Debug|Any CPU
		{EE8AA96C-0870-4C0E-B755-F4A08ECEA423}.Debug|Any CPU.Build.0 = Debug|Any CPU
		{EE8AA96C-0870-4C0E-B755-F4A08ECEA423}.Release|Any CPU.ActiveCfg = Release|Any CPU
		{EE8AA96C-0870-4C0E-B755-F4A08ECEA423}.Release|Any CPU.Build.0 = Release|Any CPU
		{8EA8133E-0C80-4B89-8041-FF11BAF2AAD4}.Debug|Any CPU.ActiveCfg = Debug|Any CPU
		{8EA8133E-0C80-4B89-8041-FF11BAF2AAD4}.Debug|Any CPU.Build.0 = Debug|Any CPU
		{8EA8133E-0C80-4B89-8041-FF11BAF2AAD4}.Release|Any CPU.ActiveCfg = Release|Any CPU
		{8EA8133E-0C80-4B89-8041-FF11BAF2AAD4}.Release|Any CPU.Build.0 = Release|Any CPU
		{A2F65B24-106F-484B-8B4A-125B2A9B4831}.Debug|Any CPU.ActiveCfg = Debug|Any CPU
		{A2F65B24-106F-484B-8B4A-125B2A9B4831}.Debug|Any CPU.Build.0 = Debug|Any CPU
		{A2F65B24-106F-484B-8B4A-125B2A9B4831}.Release|Any CPU.ActiveCfg = Release|Any CPU
		{A2F65B24-106F-484B-8B4A-125B2A9B4831}.Release|Any CPU.Build.0 = Release|Any CPU
		{3650B208-0A06-4C83-852C-60D8F7A25529}.Debug|Any CPU.ActiveCfg = Debug|Any CPU
		{3650B208-0A06-4C83-852C-60D8F7A25529}.Debug|Any CPU.Build.0 = Debug|Any CPU
		{3650B208-0A06-4C83-852C-60D8F7A25529}.Release|Any CPU.ActiveCfg = Release|Any CPU
		{3650B208-0A06-4C83-852C-60D8F7A25529}.Release|Any CPU.Build.0 = Release|Any CPU
		{FE63AF1C-7E29-40FB-A2F5-E60794D0AC9B}.Debug|Any CPU.ActiveCfg = Debug|Any CPU
		{FE63AF1C-7E29-40FB-A2F5-E60794D0AC9B}.Debug|Any CPU.Build.0 = Debug|Any CPU
		{FE63AF1C-7E29-40FB-A2F5-E60794D0AC9B}.Release|Any CPU.ActiveCfg = Release|Any CPU
		{FE63AF1C-7E29-40FB-A2F5-E60794D0AC9B}.Release|Any CPU.Build.0 = Release|Any CPU
		{B37E5D13-F48C-4063-8984-C9FA7281CDAD}.Debug|Any CPU.ActiveCfg = Debug|Any CPU
		{B37E5D13-F48C-4063-8984-C9FA7281CDAD}.Debug|Any CPU.Build.0 = Debug|Any CPU
		{B37E5D13-F48C-4063-8984-C9FA7281CDAD}.Release|Any CPU.ActiveCfg = Release|Any CPU
		{B37E5D13-F48C-4063-8984-C9FA7281CDAD}.Release|Any CPU.Build.0 = Release|Any CPU
	EndGlobalSection
	GlobalSection(SolutionProperties) = preSolution
		HideSolutionNode = FALSE
	EndGlobalSection
	GlobalSection(ExtensibilityGlobals) = postSolution
		SolutionGuid = {3198A0F5-8E20-4279-8E77-92E5C53846C8}
	EndGlobalSection
EndGlobal
